// !$*UTF8*$!
{
	archiveVersion = 1;
	classes = {
	};
	objectVersion = 55;
	objects = {

/* Begin PBXBuildFile section */
		3A5AD8A2B54D4CB747486BF9 /* Pods_TZ.framework in Frameworks */ = {isa = PBXBuildFile; fileRef = F2558B4C222E5C006CA599AD /* Pods_TZ.framework */; };
		821B0113287E044800F24029 /* APIManager.swift in Sources */ = {isa = PBXBuildFile; fileRef = 821B0112287E044800F24029 /* APIManager.swift */; };
		82362352288DE69E00601180 /* Pacifico-Regular.ttf in Resources */ = {isa = PBXBuildFile; fileRef = 82362351288DE69E00601180 /* Pacifico-Regular.ttf */; };
		82362354288DE7E900601180 /* abosanova.ttf in Resources */ = {isa = PBXBuildFile; fileRef = 82362353288DE7E900601180 /* abosanova.ttf */; };
		8247CB46286F318300B3F8DE /* AppDelegate.swift in Sources */ = {isa = PBXBuildFile; fileRef = 8247CB45286F318300B3F8DE /* AppDelegate.swift */; };
		8247CB48286F318300B3F8DE /* SceneDelegate.swift in Sources */ = {isa = PBXBuildFile; fileRef = 8247CB47286F318300B3F8DE /* SceneDelegate.swift */; };
		8247CB4A286F318300B3F8DE /* AuthViewController.swift in Sources */ = {isa = PBXBuildFile; fileRef = 8247CB49286F318300B3F8DE /* AuthViewController.swift */; };
		8247CB4D286F318300B3F8DE /* Main.storyboard in Resources */ = {isa = PBXBuildFile; fileRef = 8247CB4B286F318300B3F8DE /* Main.storyboard */; };
		8247CB4F286F318300B3F8DE /* Assets.xcassets in Resources */ = {isa = PBXBuildFile; fileRef = 8247CB4E286F318300B3F8DE /* Assets.xcassets */; };
		8247CB52286F318300B3F8DE /* LaunchScreen.storyboard in Resources */ = {isa = PBXBuildFile; fileRef = 8247CB50286F318300B3F8DE /* LaunchScreen.storyboard */; };
		824E02F3287F629D001812C6 /* User.swift in Sources */ = {isa = PBXBuildFile; fileRef = 824E02F2287F629D001812C6 /* User.swift */; };
		825F6E622876EFF9003C19E8 /* ProfilViewController.swift in Sources */ = {isa = PBXBuildFile; fileRef = 825F6E612876EFF9003C19E8 /* ProfilViewController.swift */; };
/* End PBXBuildFile section */

/* Begin PBXFileReference section */
		0DEE3697617075A6D21C9EDE /* Pods-TZ.release.xcconfig */ = {isa = PBXFileReference; includeInIndex = 1; lastKnownFileType = text.xcconfig; name = "Pods-TZ.release.xcconfig"; path = "Target Support Files/Pods-TZ/Pods-TZ.release.xcconfig"; sourceTree = "<group>"; };
		821B0112287E044800F24029 /* APIManager.swift */ = {isa = PBXFileReference; lastKnownFileType = sourcecode.swift; path = APIManager.swift; sourceTree = "<group>"; };
		82362351288DE69E00601180 /* Pacifico-Regular.ttf */ = {isa = PBXFileReference; lastKnownFileType = file; path = "Pacifico-Regular.ttf"; sourceTree = "<group>"; };
		82362353288DE7E900601180 /* abosanova.ttf */ = {isa = PBXFileReference; lastKnownFileType = file; path = abosanova.ttf; sourceTree = "<group>"; };
		8247CB42286F318300B3F8DE /* TZ.app */ = {isa = PBXFileReference; explicitFileType = wrapper.application; includeInIndex = 0; path = TZ.app; sourceTree = BUILT_PRODUCTS_DIR; };
		8247CB45286F318300B3F8DE /* AppDelegate.swift */ = {isa = PBXFileReference; lastKnownFileType = sourcecode.swift; path = AppDelegate.swift; sourceTree = "<group>"; };
		8247CB47286F318300B3F8DE /* SceneDelegate.swift */ = {isa = PBXFileReference; lastKnownFileType = sourcecode.swift; path = SceneDelegate.swift; sourceTree = "<group>"; };
		8247CB49286F318300B3F8DE /* AuthViewController.swift */ = {isa = PBXFileReference; lastKnownFileType = sourcecode.swift; path = AuthViewController.swift; sourceTree = "<group>"; };
		8247CB4C286F318300B3F8DE /* Base */ = {isa = PBXFileReference; lastKnownFileType = file.storyboard; name = Base; path = Base.lproj/Main.storyboard; sourceTree = "<group>"; };
		8247CB4E286F318300B3F8DE /* Assets.xcassets */ = {isa = PBXFileReference; lastKnownFileType = folder.assetcatalog; path = Assets.xcassets; sourceTree = "<group>"; };
		8247CB51286F318300B3F8DE /* Base */ = {isa = PBXFileReference; lastKnownFileType = file.storyboard; name = Base; path = Base.lproj/LaunchScreen.storyboard; sourceTree = "<group>"; };
		8247CB53286F318300B3F8DE /* Info.plist */ = {isa = PBXFileReference; lastKnownFileType = text.plist.xml; path = Info.plist; sourceTree = "<group>"; };
		824E02F2287F629D001812C6 /* User.swift */ = {isa = PBXFileReference; lastKnownFileType = sourcecode.swift; path = User.swift; sourceTree = "<group>"; };
		825F6E612876EFF9003C19E8 /* ProfilViewController.swift */ = {isa = PBXFileReference; lastKnownFileType = sourcecode.swift; path = ProfilViewController.swift; sourceTree = "<group>"; };
		C603ABFCE8370767C9332EE7 /* Pods-TZ.debug.xcconfig */ = {isa = PBXFileReference; includeInIndex = 1; lastKnownFileType = text.xcconfig; name = "Pods-TZ.debug.xcconfig"; path = "Target Support Files/Pods-TZ/Pods-TZ.debug.xcconfig"; sourceTree = "<group>"; };
		F2558B4C222E5C006CA599AD /* Pods_TZ.framework */ = {isa = PBXFileReference; explicitFileType = wrapper.framework; includeInIndex = 0; path = Pods_TZ.framework; sourceTree = BUILT_PRODUCTS_DIR; };
/* End PBXFileReference section */

/* Begin PBXFrameworksBuildPhase section */
		8247CB3F286F318300B3F8DE /* Frameworks */ = {
			isa = PBXFrameworksBuildPhase;
			buildActionMask = 2147483647;
			files = (
				3A5AD8A2B54D4CB747486BF9 /* Pods_TZ.framework in Frameworks */,
			);
			runOnlyForDeploymentPostprocessing = 0;
		};
/* End PBXFrameworksBuildPhase section */

/* Begin PBXGroup section */
		1E787440DC47830A8144BAF3 /* Frameworks */ = {
			isa = PBXGroup;
			children = (
				F2558B4C222E5C006CA599AD /* Pods_TZ.framework */,
			);
			name = Frameworks;
			sourceTree = "<group>";
		};
		4BFA0868E20A4DF9BF10B4E7 /* Pods */ = {
			isa = PBXGroup;
			children = (
				C603ABFCE8370767C9332EE7 /* Pods-TZ.debug.xcconfig */,
				0DEE3697617075A6D21C9EDE /* Pods-TZ.release.xcconfig */,
			);
			path = Pods;
			sourceTree = "<group>";
		};
		821B0111287E040700F24029 /* services */ = {
			isa = PBXGroup;
			children = (
				821B0112287E044800F24029 /* APIManager.swift */,
			);
			path = services;
			sourceTree = "<group>";
		};
		821B0114287E046B00F24029 /* View */ = {
			isa = PBXGroup;
			children = (
				8247CB49286F318300B3F8DE /* AuthViewController.swift */,
				825F6E612876EFF9003C19E8 /* ProfilViewController.swift */,
			);
			path = View;
			sourceTree = "<group>";
		};
		8247CB39286F318300B3F8DE = {
			isa = PBXGroup;
			children = (
				8247CB44286F318300B3F8DE /* TZ */,
				8247CB43286F318300B3F8DE /* Products */,
				4BFA0868E20A4DF9BF10B4E7 /* Pods */,
				1E787440DC47830A8144BAF3 /* Frameworks */,
			);
			sourceTree = "<group>";
		};
		8247CB43286F318300B3F8DE /* Products */ = {
			isa = PBXGroup;
			children = (
				8247CB42286F318300B3F8DE /* TZ.app */,
			);
			name = Products;
			sourceTree = "<group>";
		};
		8247CB44286F318300B3F8DE /* TZ */ = {
			isa = PBXGroup;
			children = (
				8247CB45286F318300B3F8DE /* AppDelegate.swift */,
				8247CB47286F318300B3F8DE /* SceneDelegate.swift */,
				824E02F1287F6274001812C6 /* models */,
				821B0114287E046B00F24029 /* View */,
				821B0111287E040700F24029 /* services */,
				8247CB4B286F318300B3F8DE /* Main.storyboard */,
				8247CB4E286F318300B3F8DE /* Assets.xcassets */,
				8247CB50286F318300B3F8DE /* LaunchScreen.storyboard */,
				8247CB53286F318300B3F8DE /* Info.plist */,
				82362353288DE7E900601180 /* abosanova.ttf */,
				82362351288DE69E00601180 /* Pacifico-Regular.ttf */,
			);
			path = TZ;
			sourceTree = "<group>";
		};
		824E02F1287F6274001812C6 /* models */ = {
			isa = PBXGroup;
			children = (
				824E02F2287F629D001812C6 /* User.swift */,
			);
			path = models;
			sourceTree = "<group>";
		};
/* End PBXGroup section */

/* Begin PBXNativeTarget section */
		8247CB41286F318300B3F8DE /* TZ */ = {
			isa = PBXNativeTarget;
			buildConfigurationList = 8247CB56286F318300B3F8DE /* Build configuration list for PBXNativeTarget "TZ" */;
			buildPhases = (
				E893D69F5A43DE1F8CBD3CF0 /* [CP] Check Pods Manifest.lock */,
				8247CB3E286F318300B3F8DE /* Sources */,
				8247CB3F286F318300B3F8DE /* Frameworks */,
				8247CB40286F318300B3F8DE /* Resources */,
				97EBEA67ACF1A9F20373EEB5 /* [CP] Embed Pods Frameworks */,
			);
			buildRules = (
			);
			dependencies = (
			);
			name = TZ;
			packageProductDependencies = (
			);
			productName = TZ;
			productReference = 8247CB42286F318300B3F8DE /* TZ.app */;
			productType = "com.apple.product-type.application";
		};
/* End PBXNativeTarget section */

/* Begin PBXProject section */
		8247CB3A286F318300B3F8DE /* Project object */ = {
			isa = PBXProject;
			attributes = {
				BuildIndependentTargetsInParallel = 1;
				LastSwiftUpdateCheck = 1330;
				LastUpgradeCheck = 1330;
				TargetAttributes = {
					8247CB41286F318300B3F8DE = {
						CreatedOnToolsVersion = 13.3.1;
					};
				};
			};
			buildConfigurationList = 8247CB3D286F318300B3F8DE /* Build configuration list for PBXProject "TZ" */;
			compatibilityVersion = "Xcode 13.0";
			developmentRegion = en;
			hasScannedForEncodings = 0;
			knownRegions = (
				en,
				Base,
			);
			mainGroup = 8247CB39286F318300B3F8DE;
			packageReferences = (
			);
			productRefGroup = 8247CB43286F318300B3F8DE /* Products */;
			projectDirPath = "";
			projectRoot = "";
			targets = (
				8247CB41286F318300B3F8DE /* TZ */,
			);
		};
/* End PBXProject section */

/* Begin PBXResourcesBuildPhase section */
		8247CB40286F318300B3F8DE /* Resources */ = {
			isa = PBXResourcesBuildPhase;
			buildActionMask = 2147483647;
			files = (
				8247CB52286F318300B3F8DE /* LaunchScreen.storyboard in Resources */,
				82362352288DE69E00601180 /* Pacifico-Regular.ttf in Resources */,
				8247CB4F286F318300B3F8DE /* Assets.xcassets in Resources */,
				8247CB4D286F318300B3F8DE /* Main.storyboard in Resources */,
				82362354288DE7E900601180 /* abosanova.ttf in Resources */,
			);
			runOnlyForDeploymentPostprocessing = 0;
		};
/* End PBXResourcesBuildPhase section */

/* Begin PBXShellScriptBuildPhase section */
		97EBEA67ACF1A9F20373EEB5 /* [CP] Embed Pods Frameworks */ = {
			isa = PBXShellScriptBuildPhase;
			buildActionMask = 2147483647;
			files = (
			);
			inputFileListPaths = (
				"${PODS_ROOT}/Target Support Files/Pods-TZ/Pods-TZ-frameworks-${CONFIGURATION}-input-files.xcfilelist",
			);
			name = "[CP] Embed Pods Frameworks";
			outputFileListPaths = (
				"${PODS_ROOT}/Target Support Files/Pods-TZ/Pods-TZ-frameworks-${CONFIGURATION}-output-files.xcfilelist",
			);
			runOnlyForDeploymentPostprocessing = 0;
			shellPath = /bin/sh;
			shellScript = "\"${PODS_ROOT}/Target Support Files/Pods-TZ/Pods-TZ-frameworks.sh\"\n";
			showEnvVarsInLog = 0;
		};
		E893D69F5A43DE1F8CBD3CF0 /* [CP] Check Pods Manifest.lock */ = {
			isa = PBXShellScriptBuildPhase;
			buildActionMask = 2147483647;
			files = (
			);
			inputFileListPaths = (
			);
			inputPaths = (
				"${PODS_PODFILE_DIR_PATH}/Podfile.lock",
				"${PODS_ROOT}/Manifest.lock",
			);
			name = "[CP] Check Pods Manifest.lock";
			outputFileListPaths = (
			);
			outputPaths = (
				"$(DERIVED_FILE_DIR)/Pods-TZ-checkManifestLockResult.txt",
			);
			runOnlyForDeploymentPostprocessing = 0;
			shellPath = /bin/sh;
			shellScript = "diff \"${PODS_PODFILE_DIR_PATH}/Podfile.lock\" \"${PODS_ROOT}/Manifest.lock\" > /dev/null\nif [ $? != 0 ] ; then\n    # print error to STDERR\n    echo \"error: The sandbox is not in sync with the Podfile.lock. Run 'pod install' or update your CocoaPods installation.\" >&2\n    exit 1\nfi\n# This output is used by Xcode 'outputs' to avoid re-running this script phase.\necho \"SUCCESS\" > \"${SCRIPT_OUTPUT_FILE_0}\"\n";
			showEnvVarsInLog = 0;
		};
/* End PBXShellScriptBuildPhase section */

/* Begin PBXSourcesBuildPhase section */
		8247CB3E286F318300B3F8DE /* Sources */ = {
			isa = PBXSourcesBuildPhase;
			buildActionMask = 2147483647;
			files = (
				8247CB4A286F318300B3F8DE /* AuthViewController.swift in Sources */,
				825F6E622876EFF9003C19E8 /* ProfilViewController.swift in Sources */,
				8247CB46286F318300B3F8DE /* AppDelegate.swift in Sources */,
				824E02F3287F629D001812C6 /* User.swift in Sources */,
				8247CB48286F318300B3F8DE /* SceneDelegate.swift in Sources */,
				821B0113287E044800F24029 /* APIManager.swift in Sources */,
			);
			runOnlyForDeploymentPostprocessing = 0;
		};
/* End PBXSourcesBuildPhase section */

/* Begin PBXVariantGroup section */
		8247CB4B286F318300B3F8DE /* Main.storyboard */ = {
			isa = PBXVariantGroup;
			children = (
				8247CB4C286F318300B3F8DE /* Base */,
			);
			name = Main.storyboard;
			sourceTree = "<group>";
		};
		8247CB50286F318300B3F8DE /* LaunchScreen.storyboard */ = {
			isa = PBXVariantGroup;
			children = (
				8247CB51286F318300B3F8DE /* Base */,
			);
			name = LaunchScreen.storyboard;
			sourceTree = "<group>";
		};
/* End PBXVariantGroup section */

/* Begin XCBuildConfiguration section */
		8247CB54286F318300B3F8DE /* Debug */ = {
			isa = XCBuildConfiguration;
			buildSettings = {
				ALWAYS_SEARCH_USER_PATHS = NO;
				CLANG_ANALYZER_NONNULL = YES;
				CLANG_ANALYZER_NUMBER_OBJECT_CONVERSION = YES_AGGRESSIVE;
				CLANG_CXX_LANGUAGE_STANDARD = "gnu++17";
				CLANG_ENABLE_MODULES = YES;
				CLANG_ENABLE_OBJC_ARC = YES;
				CLANG_ENABLE_OBJC_WEAK = YES;
				CLANG_WARN_BLOCK_CAPTURE_AUTORELEASING = YES;
				CLANG_WARN_BOOL_CONVERSION = YES;
				CLANG_WARN_COMMA = YES;
				CLANG_WARN_CONSTANT_CONVERSION = YES;
				CLANG_WARN_DEPRECATED_OBJC_IMPLEMENTATIONS = YES;
				CLANG_WARN_DIRECT_OBJC_ISA_USAGE = YES_ERROR;
				CLANG_WARN_DOCUMENTATION_COMMENTS = YES;
				CLANG_WARN_EMPTY_BODY = YES;
				CLANG_WARN_ENUM_CONVERSION = YES;
				CLANG_WARN_INFINITE_RECURSION = YES;
				CLANG_WARN_INT_CONVERSION = YES;
				CLANG_WARN_NON_LITERAL_NULL_CONVERSION = YES;
				CLANG_WARN_OBJC_IMPLICIT_RETAIN_SELF = YES;
				CLANG_WARN_OBJC_LITERAL_CONVERSION = YES;
				CLANG_WARN_OBJC_ROOT_CLASS = YES_ERROR;
				CLANG_WARN_QUOTED_INCLUDE_IN_FRAMEWORK_HEADER = YES;
				CLANG_WARN_RANGE_LOOP_ANALYSIS = YES;
				CLANG_WARN_STRICT_PROTOTYPES = YES;
				CLANG_WARN_SUSPICIOUS_MOVE = YES;
				CLANG_WARN_UNGUARDED_AVAILABILITY = YES_AGGRESSIVE;
				CLANG_WARN_UNREACHABLE_CODE = YES;
				CLANG_WARN__DUPLICATE_METHOD_MATCH = YES;
				COPY_PHASE_STRIP = NO;
				DEBUG_INFORMATION_FORMAT = dwarf;
				ENABLE_STRICT_OBJC_MSGSEND = YES;
				ENABLE_TESTABILITY = YES;
				GCC_C_LANGUAGE_STANDARD = gnu11;
				GCC_DYNAMIC_NO_PIC = NO;
				GCC_NO_COMMON_BLOCKS = YES;
				GCC_OPTIMIZATION_LEVEL = 0;
				GCC_PREPROCESSOR_DEFINITIONS = (
					"DEBUG=1",
					"$(inherited)",
				);
				GCC_WARN_64_TO_32_BIT_CONVERSION = YES;
				GCC_WARN_ABOUT_RETURN_TYPE = YES_ERROR;
				GCC_WARN_UNDECLARED_SELECTOR = YES;
				GCC_WARN_UNINITIALIZED_AUTOS = YES_AGGRESSIVE;
				GCC_WARN_UNUSED_FUNCTION = YES;
				GCC_WARN_UNUSED_VARIABLE = YES;
				IPHONEOS_DEPLOYMENT_TARGET = 13.0;
				MTL_ENABLE_DEBUG_INFO = INCLUDE_SOURCE;
				MTL_FAST_MATH = YES;
				ONLY_ACTIVE_ARCH = YES;
				SDKROOT = iphoneos;
				SWIFT_ACTIVE_COMPILATION_CONDITIONS = DEBUG;
				SWIFT_OPTIMIZATION_LEVEL = "-Onone";
			};
			name = Debug;
		};
		8247CB55286F318300B3F8DE /* Release */ = {
			isa = XCBuildConfiguration;
			buildSettings = {
				ALWAYS_SEARCH_USER_PATHS = NO;
				CLANG_ANALYZER_NONNULL = YES;
				CLANG_ANALYZER_NUMBER_OBJECT_CONVERSION = YES_AGGRESSIVE;
				CLANG_CXX_LANGUAGE_STANDARD = "gnu++17";
				CLANG_ENABLE_MODULES = YES;
				CLANG_ENABLE_OBJC_ARC = YES;
				CLANG_ENABLE_OBJC_WEAK = YES;
				CLANG_WARN_BLOCK_CAPTURE_AUTORELEASING = YES;
				CLANG_WARN_BOOL_CONVERSION = YES;
				CLANG_WARN_COMMA = YES;
				CLANG_WARN_CONSTANT_CONVERSION = YES;
				CLANG_WARN_DEPRECATED_OBJC_IMPLEMENTATIONS = YES;
				CLANG_WARN_DIRECT_OBJC_ISA_USAGE = YES_ERROR;
				CLANG_WARN_DOCUMENTATION_COMMENTS = YES;
				CLANG_WARN_EMPTY_BODY = YES;
				CLANG_WARN_ENUM_CONVERSION = YES;
				CLANG_WARN_INFINITE_RECURSION = YES;
				CLANG_WARN_INT_CONVERSION = YES;
				CLANG_WARN_NON_LITERAL_NULL_CONVERSION = YES;
				CLANG_WARN_OBJC_IMPLICIT_RETAIN_SELF = YES;
				CLANG_WARN_OBJC_LITERAL_CONVERSION = YES;
				CLANG_WARN_OBJC_ROOT_CLASS = YES_ERROR;
				CLANG_WARN_QUOTED_INCLUDE_IN_FRAMEWORK_HEADER = YES;
				CLANG_WARN_RANGE_LOOP_ANALYSIS = YES;
				CLANG_WARN_STRICT_PROTOTYPES = YES;
				CLANG_WARN_SUSPICIOUS_MOVE = YES;
				CLANG_WARN_UNGUARDED_AVAILABILITY = YES_AGGRESSIVE;
				CLANG_WARN_UNREACHABLE_CODE = YES;
				CLANG_WARN__DUPLICATE_METHOD_MATCH = YES;
				COPY_PHASE_STRIP = NO;
				DEBUG_INFORMATION_FORMAT = "dwarf-with-dsym";
				ENABLE_NS_ASSERTIONS = NO;
				ENABLE_STRICT_OBJC_MSGSEND = YES;
				GCC_C_LANGUAGE_STANDARD = gnu11;
				GCC_NO_COMMON_BLOCKS = YES;
				GCC_WARN_64_TO_32_BIT_CONVERSION = YES;
				GCC_WARN_ABOUT_RETURN_TYPE = YES_ERROR;
				GCC_WARN_UNDECLARED_SELECTOR = YES;
				GCC_WARN_UNINITIALIZED_AUTOS = YES_AGGRESSIVE;
				GCC_WARN_UNUSED_FUNCTION = YES;
				GCC_WARN_UNUSED_VARIABLE = YES;
				IPHONEOS_DEPLOYMENT_TARGET = 13.0;
				MTL_ENABLE_DEBUG_INFO = NO;
				MTL_FAST_MATH = YES;
				SDKROOT = iphoneos;
				SWIFT_COMPILATION_MODE = wholemodule;
				SWIFT_OPTIMIZATION_LEVEL = "-O";
				VALIDATE_PRODUCT = YES;
			};
			name = Release;
		};
		8247CB57286F318300B3F8DE /* Debug */ = {
			isa = XCBuildConfiguration;
			baseConfigurationReference = C603ABFCE8370767C9332EE7 /* Pods-TZ.debug.xcconfig */;
			buildSettings = {
				ASSETCATALOG_COMPILER_APPICON_NAME = AppIcon;
				ASSETCATALOG_COMPILER_GLOBAL_ACCENT_COLOR_NAME = AccentColor;
				CODE_SIGN_STYLE = Automatic;
				CURRENT_PROJECT_VERSION = 1;
				DEVELOPMENT_TEAM = 3V35N9JX9X;
				GENERATE_INFOPLIST_FILE = YES;
				INFOPLIST_FILE = TZ/Info.plist;
				INFOPLIST_KEY_UIApplicationSupportsIndirectInputEvents = YES;
				INFOPLIST_KEY_UILaunchStoryboardName = LaunchScreen;
				INFOPLIST_KEY_UIMainStoryboardFile = Main;
				INFOPLIST_KEY_UISupportedInterfaceOrientations_iPad = "UIInterfaceOrientationPortrait UIInterfaceOrientationPortraitUpsideDown UIInterfaceOrientationLandscapeLeft UIInterfaceOrientationLandscapeRight";
				INFOPLIST_KEY_UISupportedInterfaceOrientations_iPhone = "UIInterfaceOrientationPortrait UIInterfaceOrientationLandscapeLeft UIInterfaceOrientationLandscapeRight";
				IPHONEOS_DEPLOYMENT_TARGET = 13.0;
				LD_RUNPATH_SEARCH_PATHS = (
					"$(inherited)",
					"@executable_path/Frameworks",
				);
				MARKETING_VERSION = 1.0;
				PRODUCT_BUNDLE_IDENTIFIER = NuarCompany.TZ;
				PRODUCT_NAME = "$(TARGET_NAME)";
				SWIFT_EMIT_LOC_STRINGS = YES;
				SWIFT_VERSION = 5.0;
				TARGETED_DEVICE_FAMILY = "1,2";
			};
			name = Debug;
		};
		8247CB58286F318300B3F8DE /* Release */ = {
			isa = XCBuildConfiguration;
			baseConfigurationReference = 0DEE3697617075A6D21C9EDE /* Pods-TZ.release.xcconfig */;
			buildSettings = {
				ASSETCATALOG_COMPILER_APPICON_NAME = AppIcon;
				ASSETCATALOG_COMPILER_GLOBAL_ACCENT_COLOR_NAME = AccentColor;
				CODE_SIGN_STYLE = Automatic;
				CURRENT_PROJECT_VERSION = 1;
				DEVELOPMENT_TEAM = 3V35N9JX9X;
				GENERATE_INFOPLIST_FILE = YES;
				INFOPLIST_FILE = TZ/Info.plist;
				INFOPLIST_KEY_UIApplicationSupportsIndirectInputEvents = YES;
				INFOPLIST_KEY_UILaunchStoryboardName = LaunchScreen;
				INFOPLIST_KEY_UIMainStoryboardFile = Main;
				INFOPLIST_KEY_UISupportedInterfaceOrientations_iPad = "UIInterfaceOrientationPortrait UIInterfaceOrientationPortraitUpsideDown UIInterfaceOrientationLandscapeLeft UIInterfaceOrientationLandscapeRight";
				INFOPLIST_KEY_UISupportedInterfaceOrientations_iPhone = "UIInterfaceOrientationPortrait UIInterfaceOrientationLandscapeLeft UIInterfaceOrientationLandscapeRight";
				IPHONEOS_DEPLOYMENT_TARGET = 13.0;
				LD_RUNPATH_SEARCH_PATHS = (
					"$(inherited)",
					"@executable_path/Frameworks",
				);
				MARKETING_VERSION = 1.0;
				PRODUCT_BUNDLE_IDENTIFIER = NuarCompany.TZ;
				PRODUCT_NAME = "$(TARGET_NAME)";
				SWIFT_EMIT_LOC_STRINGS = YES;
				SWIFT_VERSION = 5.0;
				TARGETED_DEVICE_FAMILY = "1,2";
			};
			name = Release;
		};
/* End XCBuildConfiguration section */

/* Begin XCConfigurationList section */
		8247CB3D286F318300B3F8DE /* Build configuration list for PBXProject "TZ" */ = {
			isa = XCConfigurationList;
			buildConfigurations = (
				8247CB54286F318300B3F8DE /* Debug */,
				8247CB55286F318300B3F8DE /* Release */,
			);
			defaultConfigurationIsVisible = 0;
			defaultConfigurationName = Release;
		};
		8247CB56286F318300B3F8DE /* Build configuration list for PBXNativeTarget "TZ" */ = {
			isa = XCConfigurationList;
			buildConfigurations = (
				8247CB57286F318300B3F8DE /* Debug */,
				8247CB58286F318300B3F8DE /* Release */,
			);
			defaultConfigurationIsVisible = 0;
			defaultConfigurationName = Release;
		};
/* End XCConfigurationList section */
	};
	rootObject = 8247CB3A286F318300B3F8DE /* Project object */;
}
